
Microsoft Visual Studio Solution File, Format Version 12.00
# Visual Studio 2013
VisualStudioVersion = 12.0.30501.0
MinimumVisualStudioVersion = 10.0.40219.1
Project("{FAE04EC0-301F-11D3-BF4B-00C04F79EFBC}") = "MedRegistration", "MedRegistration\MedRegistration.csproj", "{2EA1A0B7-FAB3-40FA-BCF6-6383ACF7AF13}"
EndProject
Project("{FAE04EC0-301F-11D3-BF4B-00C04F79EFBC}") = "MedRegistration.Tests", "MedRegistration.Tests\MedRegistration.Tests.csproj", "{BB765FE8-9C3C-4EA8-A5D5-B5451E88BB48}"
EndProject
Project("{2150E333-8FDC-42A3-9474-1A3956D46DE8}") = "Docs", "Docs", "{51541D4C-05CB-4A98-894A-67172216DDB8}"
	ProjectSection(SolutionItems) = preProject
		DB.sql = DB.sql
	EndProjectSection
EndProject
Global
	GlobalSection(SolutionConfigurationPlatforms) = preSolution
		Debug|Any CPU = Debug|Any CPU
		Release|Any CPU = Release|Any CPU
	EndGlobalSection
	GlobalSection(ProjectConfigurationPlatforms) = postSolution
		{2EA1A0B7-FAB3-40FA-BCF6-6383ACF7AF13}.Debug|Any CPU.ActiveCfg = Debug|Any CPU
		{2EA1A0B7-FAB3-40FA-BCF6-6383ACF7AF13}.Debug|Any CPU.Build.0 = Debug|Any CPU
		{2EA1A0B7-FAB3-40FA-BCF6-6383ACF7AF13}.Release|Any CPU.ActiveCfg = Release|Any CPU
		{2EA1A0B7-FAB3-40FA-BCF6-6383ACF7AF13}.Release|Any CPU.Build.0 = Release|Any CPU
		{BB765FE8-9C3C-4EA8-A5D5-B5451E88BB48}.Debug|Any CPU.ActiveCfg = Debug|Any CPU
		{BB765FE8-9C3C-4EA8-A5D5-B5451E88BB48}.Debug|Any CPU.Build.0 = Debug|Any CPU
		{BB765FE8-9C3C-4EA8-A5D5-B5451E88BB48}.Release|Any CPU.ActiveCfg = Release|Any CPU
		{BB765FE8-9C3C-4EA8-A5D5-B5451E88BB48}.Release|Any CPU.Build.0 = Release|Any CPU
	EndGlobalSection
	GlobalSection(SolutionProperties) = preSolution
		HideSolutionNode = FALSE
	EndGlobalSection
EndGlobal
